
Microsoft Visual Studio Solution File, Format Version 12.00
# Visual Studio Version 17
VisualStudioVersion = 17.10.34928.147
MinimumVisualStudioVersion = 10.0.40219.1
Project("{FAE04EC0-301F-11D3-BF4B-00C04F79EFBC}") = "Styx Form", "Styx Form\Styx Form.csproj", "{776E1044-DA8D-4975-86CC-7D2D3EADD516}"
EndProject
Global
	GlobalSection(SolutionConfigurationPlatforms) = preSolution
		Debug|Any CPU = Debug|Any CPU
		Release|Any CPU = Release|Any CPU
	EndGlobalSection
	GlobalSection(ProjectConfigurationPlatforms) = postSolution
		{776E1044-DA8D-4975-86CC-7D2D3EADD516}.Debug|Any CPU.ActiveCfg = Debug|Any CPU
		{776E1044-DA8D-4975-86CC-7D2D3EADD516}.Debug|Any CPU.Build.0 = Debug|Any CPU
		{776E1044-DA8D-4975-86CC-7D2D3EADD516}.Release|Any CPU.ActiveCfg = Release|Any CPU
		{776E1044-DA8D-4975-86CC-7D2D3EADD516}.Release|Any CPU.Build.0 = Release|Any CPU
	EndGlobalSection
	GlobalSection(SolutionProperties) = preSolution
		HideSolutionNode = FALSE
	EndGlobalSection
	GlobalSection(ExtensibilityGlobals) = postSolution
		SolutionGuid = {B691EE5A-6B2F-4803-A289-41EEBA309EC1}
	EndGlobalSection
EndGlobal
